
Microsoft Visual Studio Solution File, Format Version 12.00
# Visual Studio Version 17
VisualStudioVersion = 17.14.36109.1 d17.14
MinimumVisualStudioVersion = 10.0.40219.1
Project("{FAE04EC0-301F-11D3-BF4B-00C04F79EFBC}") = "s.20Vr2", "s.20Vr2\s.20Vr2.csproj", "{8C978512-8BBA-493F-8130-8FB9E441A67D}"
EndProject
Global
	GlobalSection(SolutionConfigurationPlatforms) = preSolution
		Debug|Any CPU = Debug|Any CPU
		Release|Any CPU = Release|Any CPU
	EndGlobalSection
	GlobalSection(ProjectConfigurationPlatforms) = postSolution
		{8C978512-8BBA-493F-8130-8FB9E441A67D}.Debug|Any CPU.ActiveCfg = Debug|Any CPU
		{8C978512-8BBA-493F-8130-8FB9E441A67D}.Debug|Any CPU.Build.0 = Debug|Any CPU
		{8C978512-8BBA-493F-8130-8FB9E441A67D}.Release|Any CPU.ActiveCfg = Release|Any CPU
		{8C978512-8BBA-493F-8130-8FB9E441A67D}.Release|Any CPU.Build.0 = Release|Any CPU
	EndGlobalSection
	GlobalSection(SolutionProperties) = preSolution
		HideSolutionNode = FALSE
	EndGlobalSection
	GlobalSection(ExtensibilityGlobals) = postSolution
		SolutionGuid = {E2ABE08E-F318-4191-AB0E-1E3C0C7FA282}
	EndGlobalSection
EndGlobal
